
Microsoft Visual Studio Solution File, Format Version 12.00
# Visual Studio Version 17
VisualStudioVersion = 17.13.35825.156 d17.13
MinimumVisualStudioVersion = 10.0.40219.1
Project("{FAE04EC0-301F-11D3-BF4B-00C04F79EFBC}") = "xzknshot", "xzknshot\xzknshot.csproj", "{8F4AD8AF-7FE4-4B43-A84E-60660E17C026}"
EndProject
Global
	GlobalSection(SolutionConfigurationPlatforms) = preSolution
		Debug|Any CPU = Debug|Any CPU
		Release|Any CPU = Release|Any CPU
	EndGlobalSection
	GlobalSection(ProjectConfigurationPlatforms) = postSolution
		{8F4AD8AF-7FE4-4B43-A84E-60660E17C026}.Debug|Any CPU.ActiveCfg = Debug|Any CPU
		{8F4AD8AF-7FE4-4B43-A84E-60660E17C026}.Debug|Any CPU.Build.0 = Debug|Any CPU
		{8F4AD8AF-7FE4-4B43-A84E-60660E17C026}.Release|Any CPU.ActiveCfg = Release|Any CPU
		{8F4AD8AF-7FE4-4B43-A84E-60660E17C026}.Release|Any CPU.Build.0 = Release|Any CPU
	EndGlobalSection
	GlobalSection(SolutionProperties) = preSolution
		HideSolutionNode = FALSE
	EndGlobalSection
	GlobalSection(ExtensibilityGlobals) = postSolution
		SolutionGuid = {28D00177-C9E8-4B22-B88E-38348D96DFF2}
	EndGlobalSection
EndGlobal
